
Microsoft Visual Studio Solution File, Format Version 12.00
# Visual Studio Version 17
VisualStudioVersion = 17.4.33213.308
MinimumVisualStudioVersion = 10.0.40219.1
Project("{FAE04EC0-301F-11D3-BF4B-00C04F79EFBC}") = "BeelteCaf _assignment1_40966402_43706355", "BeelteCaf _assignment1_40966402_43706355\BeelteCaf _assignment1_40966402_43706355.csproj", "{B138F3B5-AC18-4905-BC6C-9C180F6DFE02}"
EndProject
Global
	GlobalSection(SolutionConfigurationPlatforms) = preSolution
		Debug|Any CPU = Debug|Any CPU
		Release|Any CPU = Release|Any CPU
	EndGlobalSection
	GlobalSection(ProjectConfigurationPlatforms) = postSolution
		{B138F3B5-AC18-4905-BC6C-9C180F6DFE02}.Debug|Any CPU.ActiveCfg = Debug|Any CPU
		{B138F3B5-AC18-4905-BC6C-9C180F6DFE02}.Debug|Any CPU.Build.0 = Debug|Any CPU
		{B138F3B5-AC18-4905-BC6C-9C180F6DFE02}.Release|Any CPU.ActiveCfg = Release|Any CPU
		{B138F3B5-AC18-4905-BC6C-9C180F6DFE02}.Release|Any CPU.Build.0 = Release|Any CPU
	EndGlobalSection
	GlobalSection(SolutionProperties) = preSolution
		HideSolutionNode = FALSE
	EndGlobalSection
	GlobalSection(ExtensibilityGlobals) = postSolution
		SolutionGuid = {528C5DAE-5D8B-4A66-965D-423E119225C9}
	EndGlobalSection
EndGlobal
